{
	"name": "obs-tree",
	"version": "0.1.0",
	"lockfileVersion": 3,
	"requires": true,
	"packages": {
		"": {
			"name": "obs-tree",
			"version": "0.1.0",
			"license": "MIT",
			"dependencies": {
				"d3-hierarchy": "^3.1.2",
				"d3-selection": "^3.0.0",
				"d3-shape": "^3.2.0",
				"d3-transition": "^3.0.1",
				"d3-zoom": "^3.0.0"
			},
			"devDependencies": {
				"@types/d3-hierarchy": "^3.1.7",
				"@types/d3-selection": "^3.0.10",
				"@types/d3-shape": "^3.1.6",
				"@types/d3-transition": "^3.0.8",
				"@types/d3-zoom": "^3.0.8",
				"@types/node": "^20.11.0",
				"builtin-modules": "^3.3.0",
				"electron": "^44.4.3",
				"esbuild": "^0.19.11",
				"obsidian": "^1.4.11",
				"tslib": "2.4.0",
				"typescript": "^5.3.3"
			}
		},
		"node_modules/@codemirror/state": {
			"version": "6.5.0",
			"resolved": "https://registry.npmjs.org/@codemirror/state/-/state-6.5.0.tgz",
			"integrity": "sha512-MwBHVK60IiIHDcoMet78lxt6iw5gJOGSbNbOIVBHWVXIH4/Nq1+GQgLLGgI1KlnN86WDXsPudVaqYHKBIx7Eyw==",
			"dev": true,
			"license": "MIT",
			"peer": true,
			"dependencies": {
				"@marijn/find-cluster-break": "^1.0.0"
			}
		},
		"node_modules/@codemirror/view": {
			"version": "6.38.6",
			"resolved": "https://registry.npmjs.org/@codemirror/view/-/view-6.38.6.tgz",
			"integrity": "sha512-qiS0z1bKs5WOvHIAC0Cybmv4AJSkAXgX5aD6Mqd2epSLlVJsQl8NG23jCVouIgkh4All/mrbdsf2UOLFnJw0tw==",
			"dev": true,
			"license": "MIT",
			"peer": true,
			"dependencies": {
				"@codemirror/state": "^6.5.0",
				"crelt": "^1.0.6",
				"style-mod": "^4.1.0",
				"w3c-keyname": "^2.2.4"
			}
		},
		"node_modules/@electron-internal/extract-zip": {
			"version": "1.0.5",
			"resolved": "https://registry.npmjs.org/@electron-internal/extract-zip/-/extract-zip-1.0.5.tgz",
			"integrity": "sha512-+bqFCP98pLI0Tt0XQo1TmlXtwjWchISndDOxCkEcIuUgXWpBnLyRI+2DU+mesvnMMX6L1XDqYNA0lXNDHd/yiA==",
			"dev": true,
			"license": "BSD-2-Clause",
			"engines": {
				"node": ">=22.12.0"
			}
		},
		"node_modules/@electron/get": {
			"version": "5.1.0",
			"resolved": "https://registry.npmjs.org/@electron/get/-/get-5.1.0.tgz",
			"integrity": "sha512-3kSBtG8ObcTVfXanm5vVJ6UnBLEVmVsRk1M+vGqCuMBV+XLCbJYuWQful+yIy0GQDsSlK0kHEriEHn7SPk4EnA==",
			"dev": true,
			"license": "MIT",
			"dependencies": {
				"debug": "^4.1.1",
				"env-paths": "^3.0.0",
				"graceful-fs": "^4.2.11",
				"progress": "^2.0.3",
				"semver": "^7.6.3",
				"sumchecker": "^3.0.1"
			},
			"engines": {
				"node": ">=22.12.0"
			},
			"optionalDependencies": {
				"undici": "^7.24.4"
			}
		},
		"node_modules/@esbuild/aix-ppc64": {
			"version": "0.19.12",
			"resolved": "https://registry.npmjs.org/@esbuild/aix-ppc64/-/aix-ppc64-0.19.12.tgz",
			"integrity": "sha512-bmoCYyWdEL3wDQIVbcyzRyeKLgk2WtWLTWz1ZIAZF/EGbNOwSA6ew3PftJ1PqMiOOGu0OyFMzG53L0zqIpPeNA==",
			"cpu": [
				"ppc64"
			],
			"dev": true,
			"license": "MIT",
			"optional": true,
			"os": [
				"aix"
			],
			"engines": {
				"node": ">=12"
			}
		},
		"node_modules/@esbuild/android-arm": {
			"version": "0.19.12",
			"resolved": "https://registry.npmjs.org/@esbuild/android-arm/-/android-arm-0.19.12.tgz",
			"integrity": "sha512-qg/Lj1mu3CdQlDEEiWrlC4eaPZ1KztwGJ9B6J+/6G+/4ewxJg7gqj8eVYWvao1bXrqGiW2rsBZFSX3q2lcW05w==",
			"cpu": [
				"arm"
			],
			"dev": true,
			"license": "MIT",
			"optional": true,
			"os": [
				"android"
			],
			"engines": {
				"node": ">=12"
			}
		},
		"node_modules/@esbuild/android-arm64": {
			"version": "0.19.12",
			"resolved": "https://registry.npmjs.org/@esbuild/android-arm64/-/android-arm64-0.19.12.tgz",
			"integrity": "sha512-P0UVNGIienjZv3f5zq0DP3Nt2IE/3plFzuaS96vihvD0Hd6H/q4WXUGpCxD/E8YrSXfNyRPbpTq+T8ZQioSuPA==",
			"cpu": [
				"arm64"
			],
			"dev": true,
			"license": "MIT",
			"optional": true,
			"os": [
				"android"
			],
			"engines": {
				"node": ">=12"
			}
		},
		"node_modules/@esbuild/android-x64": {
			"version": "0.19.12",
			"resolved": "https://registry.npmjs.org/@esbuild/android-x64/-/android-x64-0.19.12.tgz",
			"integrity": "sha512-3k7ZoUW6Q6YqhdhIaq/WZ7HwBpnFBlW905Fa4s4qWJyiNOgT1dOqDiVAQFwBH7gBRZr17gLrlFCRzF6jFh7Kew==",
			"cpu": [
				"x64"
			],
			"dev": true,
			"license": "MIT",
			"optional": true,
			"os": [
				"android"
			],
			"engines": {
				"node": ">=12"
			}
		},
		"node_modules/@esbuild/darwin-arm64": {
			"version": "0.19.12",
			"resolved": "https://registry.npmjs.org/@esbuild/darwin-arm64/-/darwin-arm64-0.19.12.tgz",
			"integrity": "sha512-B6IeSgZgtEzGC42jsI+YYu9Z3HKRxp8ZT3cqhvliEHovq8HSX2YX8lNocDn79gCKJXOSaEot9MVYky7AKjCs8g==",
			"cpu": [
				"arm64"
			],
			"dev": true,
			"license": "MIT",
			"optional": true,
			"os": [
				"darwin"
			],
			"engines": {
				"node": ">=12"
			}
		},
		"node_modules/@esbuild/darwin-x64": {
			"version": "0.19.12",
			"resolved": "https://registry.npmjs.org/@esbuild/darwin-x64/-/darwin-x64-0.19.12.tgz",
			"integrity": "sha512-hKoVkKzFiToTgn+41qGhsUJXFlIjxI/jSYeZf3ugemDYZldIXIxhvwN6erJGlX4t5h417iFuheZ7l+YVn05N3A==",
			"cpu": [
				"x64"
			],
			"dev": true,
			"license": "MIT",
			"optional": true,
			"os": [
				"darwin"
			],
			"engines": {
				"node": ">=12"
			}
		},
		"node_modules/@esbuild/freebsd-arm64": {
			"version": "0.19.12",
			"resolved": "https://registry.npmjs.org/@esbuild/freebsd-arm64/-/freebsd-arm64-0.19.12.tgz",
			"integrity": "sha512-4aRvFIXmwAcDBw9AueDQ2YnGmz5L6obe5kmPT8Vd+/+x/JMVKCgdcRwH6APrbpNXsPz+K653Qg8HB/oXvXVukA==",
			"cpu": [
				"arm64"
			],
			"dev": true,
			"license": "MIT",
			"optional": true,
			"os": [
				"freebsd"
			],
			"engines": {
				"node": ">=12"
			}
		},
		"node_modules/@esbuild/freebsd-x64": {
			"version": "0.19.12",
			"resolved": "https://registry.npmjs.org/@esbuild/freebsd-x64/-/freebsd-x64-0.19.12.tgz",
			"integrity": "sha512-EYoXZ4d8xtBoVN7CEwWY2IN4ho76xjYXqSXMNccFSx2lgqOG/1TBPW0yPx1bJZk94qu3tX0fycJeeQsKovA8gg==",
			"cpu": [
				"x64"
			],
			"dev": true,
			"license": "MIT",
			"optional": true,
			"os": [
				"freebsd"
			],
			"engines": {
				"node": ">=12"
			}
		},
		"node_modules/@esbuild/linux-arm": {
			"version": "0.19.12",
			"resolved": "https://registry.npmjs.org/@esbuild/linux-arm/-/linux-arm-0.19.12.tgz",
			"integrity": "sha512-J5jPms//KhSNv+LO1S1TX1UWp1ucM6N6XuL6ITdKWElCu8wXP72l9MM0zDTzzeikVyqFE6U8YAV9/tFyj0ti+w==",
			"cpu": [
				"arm"
			],
			"dev": true,
			"license": "MIT",
			"optional": true,
			"os": [
				"linux"
			],
			"engines": {
				"node": ">=12"
			}
		},
		"node_modules/@esbuild/linux-arm64": {
			"version": "0.19.12",
			"resolved": "https://registry.npmjs.org/@esbuild/linux-arm64/-/linux-arm64-0.19.12.tgz",
			"integrity": "sha512-EoTjyYyLuVPfdPLsGVVVC8a0p1BFFvtpQDB/YLEhaXyf/5bczaGeN15QkR+O4S5LeJ92Tqotve7i1jn35qwvdA==",
			"cpu": [
				"arm64"
			],
			"dev": true,
			"license": "MIT",
			"optional": true,
			"os": [
				"linux"
			],
			"engines": {
				"node": ">=12"
			}
		},
		"node_modules/@esbuild/linux-ia32": {
			"version": "0.19.12",
			"resolved": "https://registry.npmjs.org/@esbuild/linux-ia32/-/linux-ia32-0.19.12.tgz",
			"integrity": "sha512-Thsa42rrP1+UIGaWz47uydHSBOgTUnwBwNq59khgIwktK6x60Hivfbux9iNR0eHCHzOLjLMLfUMLCypBkZXMHA==",
			"cpu": [
				"ia32"
			],
			"dev": true,
			"license": "MIT",
			"optional": true,
			"os": [
				"linux"
			],
			"engines": {
				"node": ">=12"
			}
		},
		"node_modules/@esbuild/linux-loong64": {
			"version": "0.19.12",
			"resolved": "https://registry.npmjs.org/@esbuild/linux-loong64/-/linux-loong64-0.19.12.tgz",
			"integrity": "sha512-LiXdXA0s3IqRRjm6rV6XaWATScKAXjI4R4LoDlvO7+yQqFdlr1Bax62sRwkVvRIrwXxvtYEHHI4dm50jAXkuAA==",
			"cpu": [
				"loong64"
			],
			"dev": true,
			"license": "MIT",
			"optional": true,
			"os": [
				"linux"
			],
			"engines": {
				"node": ">=12"
			}
		},
		"node_modules/@esbuild/linux-mips64el": {
			"version": "0.19.12",
			"resolved": "https://registry.npmjs.org/@esbuild/linux-mips64el/-/linux-mips64el-0.19.12.tgz",
			"integrity": "sha512-fEnAuj5VGTanfJ07ff0gOA6IPsvrVHLVb6Lyd1g2/ed67oU1eFzL0r9WL7ZzscD+/N6i3dWumGE1Un4f7Amf+w==",
			"cpu": [
				"mips64el"
			],
			"dev": true,
			"license": "MIT",
			"optional": true,
			"os": [
				"linux"
			],
			"engines": {
				"node": ">=12"
			}
		},
		"node_modules/@esbuild/linux-ppc64": {
			"version": "0.19.12",
			"resolved": "https://registry.npmjs.org/@esbuild/linux-ppc64/-/linux-ppc64-0.19.12.tgz",
			"integrity": "sha512-nYJA2/QPimDQOh1rKWedNOe3Gfc8PabU7HT3iXWtNUbRzXS9+vgB0Fjaqr//XNbd82mCxHzik2qotuI89cfixg==",
			"cpu": [
				"ppc64"
			],
			"dev": true,
			"license": "MIT",
			"optional": true,
			"os": [
				"linux"
			],
			"engines": {
				"node": ">=12"
			}
		},
		"node_modules/@esbuild/linux-riscv64": {
			"version": "0.19.12",
			"resolved": "https://registry.npmjs.org/@esbuild/linux-riscv64/-/linux-riscv64-0.19.12.tgz",
			"integrity": "sha512-2MueBrlPQCw5dVJJpQdUYgeqIzDQgw3QtiAHUC4RBz9FXPrskyyU3VI1hw7C0BSKB9OduwSJ79FTCqtGMWqJHg==",
			"cpu": [
				"riscv64"
			],
			"dev": true,
			"license": "MIT",
			"optional": true,
			"os": [
				"linux"
			],
			"engines": {
				"node": ">=12"
			}
		},
		"node_modules/@esbuild/linux-s390x": {
			"version": "0.19.12",
			"resolved": "https://registry.npmjs.org/@esbuild/linux-s390x/-/linux-s390x-0.19.12.tgz",
			"integrity": "sha512-+Pil1Nv3Umes4m3AZKqA2anfhJiVmNCYkPchwFJNEJN5QxmTs1uzyy4TvmDrCRNT2ApwSari7ZIgrPeUx4UZDg==",
			"cpu": [
				"s390x"
			],
			"dev": true,
			"license": "MIT",
			"optional": true,
			"os": [
				"linux"
			],
			"engines": {
				"node": ">=12"
			}
		},
		"node_modules/@esbuild/linux-x64": {
			"version": "0.19.12",
			"resolved": "https://registry.npmjs.org/@esbuild/linux-x64/-/linux-x64-0.19.12.tgz",
			"integrity": "sha512-B71g1QpxfwBvNrfyJdVDexenDIt1CiDN1TIXLbhOw0KhJzE78KIFGX6OJ9MrtC0oOqMWf+0xop4qEU8JrJTwCg==",
			"cpu": [
				"x64"
			],
			"dev": true,
			"license": "MIT",
			"optional": true,
			"os": [
				"linux"
			],
			"engines": {
				"node": ">=12"
			}
		},
		"node_modules/@esbuild/netbsd-x64": {
			"version": "0.19.12",
			"resolved": "https://registry.npmjs.org/@esbuild/netbsd-x64/-/netbsd-x64-0.19.12.tgz",
			"integrity": "sha512-3ltjQ7n1owJgFbuC61Oj++XhtzmymoCihNFgT84UAmJnxJfm4sYCiSLTXZtE00VWYpPMYc+ZQmB6xbSdVh0JWA==",
			"cpu": [
				"x64"
			],
			"dev": true,
			"license": "MIT",
			"optional": true,
			"os": [
				"netbsd"
			],
			"engines": {
				"node": ">=12"
			}
		},
		"node_modules/@esbuild/openbsd-x64": {
			"version": "0.19.12",
			"resolved": "https://registry.npmjs.org/@esbuild/openbsd-x64/-/openbsd-x64-0.19.12.tgz",
			"integrity": "sha512-RbrfTB9SWsr0kWmb9srfF+L933uMDdu9BIzdA7os2t0TXhCRjrQyCeOt6wVxr79CKD4c+p+YhCj31HBkYcXebw==",
			"cpu": [
				"x64"
			],
			"dev": true,
			"license": "MIT",
			"optional": true,
			"os": [
				"openbsd"
			],
			"engines": {
				"node": ">=12"
			}
		},
		"node_modules/@esbuild/sunos-x64": {
			"version": "0.19.12",
			"resolved": "https://registry.npmjs.org/@esbuild/sunos-x64/-/sunos-x64-0.19.12.tgz",
			"integrity": "sha512-HKjJwRrW8uWtCQnQOz9qcU3mUZhTUQvi56Q8DPTLLB+DawoiQdjsYq+j+D3s9I8VFtDr+F9CjgXKKC4ss89IeA==",
			"cpu": [
				"x64"
			],
			"dev": true,
			"license": "MIT",
			"optional": true,
			"os": [
				"sunos"
			],
			"engines": {
				"node": ">=12"
			}
		},
		"node_modules/@esbuild/win32-arm64": {
			"version": "0.19.12",
			"resolved": "https://registry.npmjs.org/@esbuild/win32-arm64/-/win32-arm64-0.19.12.tgz",
			"integrity": "sha512-URgtR1dJnmGvX864pn1B2YUYNzjmXkuJOIqG2HdU62MVS4EHpU2946OZoTMnRUHklGtJdJZ33QfzdjGACXhn1A==",
			"cpu": [
				"arm64"
			],
			"dev": true,
			"license": "MIT",
			"optional": true,
			"os": [
				"win32"
			],
			"engines": {
				"node": ">=12"
			}
		},
		"node_modules/@esbuild/win32-ia32": {
			"version": "0.19.12",
			"resolved": "https://registry.npmjs.org/@esbuild/win32-ia32/-/win32-ia32-0.19.12.tgz",
			"integrity": "sha512-+ZOE6pUkMOJfmxmBZElNOx72NKpIa/HFOMGzu8fqzQJ5kgf6aTGrcJaFsNiVMH4JKpMipyK+7k0n2UXN7a8YKQ==",
			"cpu": [
				"ia32"
			],
			"dev": true,
			"license": "MIT",
			"optional": true,
			"os": [
				"win32"
			],
			"engines": {
				"node": ">=12"
			}
		},
		"node_modules/@esbuild/win32-x64": {
			"version": "0.19.12",
			"resolved": "https://registry.npmjs.org/@esbuild/win32-x64/-/win32-x64-0.19.12.tgz",
			"integrity": "sha512-T1QyPSDCyMXaO3pzBkF96E8xMkiRYbUEZADd29SyPGabqxMViNoii+NcK7eWJAEoU6RZyEm5lVSIjTmcdoB9HA==",
			"cpu": [
				"x64"
			],
			"dev": true,
			"license": "MIT",
			"optional": true,
			"os": [
				"win32"
			],
			"engines": {
				"node": ">=12"
			}
		},
		"node_modules/@marijn/find-cluster-break": {
			"version": "1.0.4",
			"resolved": "https://registry.npmjs.org/@marijn/find-cluster-break/-/find-cluster-break-1.0.4.tgz",
			"integrity": "sha512-Wy0V7+SGUjnF9/TkiM1hKVDPj7jKXduPNboMVtHTA8dySMURWqfg/JZ9E2Sq8JgSJmkl7k7Qe9FLeMSrSraWmQ==",
			"dev": true,
			"license": "MIT"
		},
		"node_modules/@types/codemirror": {
			"version": "5.60.8",
			"resolved": "https://registry.npmjs.org/@types/codemirror/-/codemirror-5.60.8.tgz",
			"integrity": "sha512-VjFgDF/eB+Aklcy15TtOTLQeMjTo07k7KAjql8OK5Dirr7a6sJY4T1uVBDuTVG9VEmn1uUsohOpYnVfgC6/jyw==",
			"dev": true,
			"license": "MIT",
			"dependencies": {
				"@types/tern": "*"
			}
		},
		"node_modules/@types/d3-color": {
			"version": "3.1.3",
			"resolved": "https://registry.npmjs.org/@types/d3-color/-/d3-color-3.1.3.tgz",
			"integrity": "sha512-iO90scth9WAbmgv7ogoq57O9YpKmFBbmoEoCHDB2xMBY0+/KVrqAaCDyCE16dUspeOvIxFFRI+0sEtqDqy2b4A==",
			"dev": true,
			"license": "MIT"
		},
		"node_modules/@types/d3-hierarchy": {
			"version": "3.1.7",
			"resolved": "https://registry.npmjs.org/@types/d3-hierarchy/-/d3-hierarchy-3.1.7.tgz",
			"integrity": "sha512-tJFtNoYBtRtkNysX1Xq4sxtjK8YgoWUNpIiUee0/jHGRwqvzYxkq0hGVbbOGSz+JgFxxRu4K8nb3YpG3CMARtg==",
			"dev": true,
			"license": "MIT"
		},
		"node_modules/@types/d3-interpolate": {
			"version": "3.0.4",
			"resolved": "https://registry.npmjs.org/@types/d3-interpolate/-/d3-interpolate-3.0.4.tgz",
			"integrity": "sha512-mgLPETlrpVV1YRJIglr4Ez47g7Yxjl1lj7YKsiMCb27VJH9W8NVM6Bb9d8kkpG/uAQS5AmbA48q2IAolKKo1MA==",
			"dev": true,
			"license": "MIT",
			"dependencies": {
				"@types/d3-color": "*"
			}
		},
		"node_modules/@types/d3-path": {
			"version": "3.1.1",
			"resolved": "https://registry.npmjs.org/@types/d3-path/-/d3-path-3.1.1.tgz",
			"integrity": "sha512-VMZBYyQvbGmWyWVea0EHs/BwLgxc+MKi1zLDCONksozI4YJMcTt8ZEuIR4Sb1MMTE8MMW49v0IwI5+b7RmfWlg==",
			"dev": true,
			"license": "MIT"
		},
		"node_modules/@types/d3-selection": {
			"version": "3.0.12",
			"resolved": "https://registry.npmjs.org/@types/d3-selection/-/d3-selection-3.0.12.tgz",
			"integrity": "sha512-Qe/KWYhEiIIxGs7HrAAjMfShxKldx19SJtr5zu53f3afPsdZNz7HHtdTLXo/kqeiWNXVycI24kSnfzBYkTzpgw==",
			"dev": true,
			"license": "MIT"
		},
		"node_modules/@types/d3-shape": {
			"version": "3.2.0",
			"resolved": "https://registry.npmjs.org/@types/d3-shape/-/d3-shape-3.2.0.tgz",
			"integrity": "sha512-kVd74ta9eof3eJOvbNd1vGKS/XERRyQbT26Og63hIsvDO84cjD5gEOhsXf26w3FSoNlPVz84DOFcKv/oou+fMw==",
			"dev": true,
			"license": "MIT",
			"dependencies": {
				"@types/d3-path": "*"
			}
		},
		"node_modules/@types/d3-transition": {
			"version": "3.0.9",
			"resolved": "https://registry.npmjs.org/@types/d3-transition/-/d3-transition-3.0.9.tgz",
			"integrity": "sha512-uZS5shfxzO3rGlu0cC3bjmMFKsXv+SmZZcgp0KD22ts4uGXp5EVYGzu/0YdwZeKmddhcAccYtREJKkPfXkZuCg==",
			"dev": true,
			"license": "MIT",
			"dependencies": {
				"@types/d3-selection": "*"
			}
		},
		"node_modules/@types/d3-zoom": {
			"version": "3.0.8",
			"resolved": "https://registry.npmjs.org/@types/d3-zoom/-/d3-zoom-3.0.8.tgz",
			"integrity": "sha512-iqMC4/YlFCSlO8+2Ii1GGGliCAY4XdeG748w5vQUbevlbDu0zSjH/+jojorQVBK/se0j6DUFNPBGSqD3YWYnDw==",
			"dev": true,
			"license": "MIT",
			"dependencies": {
				"@types/d3-interpolate": "*",
				"@types/d3-selection": "*"
			}
		},
		"node_modules/@types/estree": {
			"version": "1.0.9",
			"resolved": "https://registry.npmjs.org/@types/estree/-/estree-1.0.9.tgz",
			"integrity": "sha512-GhdPgy1el4/ImP05X05Uw4cw2/M93BCUmnEvWZNStlCzEKME4Fkk+YpoA5OiHNQmoS7Cafb8Xa3Pya8m1Qrzeg==",
			"dev": true,
			"license": "MIT"
		},
		"node_modules/@types/node": {
			"version": "20.19.43",
			"resolved": "https://registry.npmjs.org/@types/node/-/node-20.19.43.tgz",
			"integrity": "sha512-6oYBAi5ikg4Pl+kGsoYtawUMBT2zZMCvPNF7pVLnHZfd1zf38DRiWn/gT01RYCdUqkv7Fhr+C9ot4/tb+2sVvA==",
			"dev": true,
			"license": "MIT",
			"dependencies": {
				"undici-types": "~6.21.0"
			}
		},
		"node_modules/@types/tern": {
			"version": "0.23.9",
			"resolved": "https://registry.npmjs.org/@types/tern/-/tern-0.23.9.tgz",
			"integrity": "sha512-ypzHFE/wBzh+BlH6rrBgS5I/Z7RD21pGhZ2rltb/+ZrVM1awdZwjx7hE5XfuYgHWk9uvV5HLZN3SloevCAp3Bw==",
			"dev": true,
			"license": "MIT",
			"dependencies": {
				"@types/estree": "*"
			}
		},
		"node_modules/builtin-modules": {
			"version": "3.3.0",
			"resolved": "https://registry.npmjs.org/builtin-modules/-/builtin-modules-3.3.0.tgz",
			"integrity": "sha512-zhaCDicdLuWN5UbN5IMnFqNMhNfo919sH85y2/ea+5Yg9TsTkeZxpL+JLbp6cgYFS4sRLp3YV4S6yDuqVWHYOw==",
			"dev": true,
			"license": "MIT",
			"engines": {
				"node": ">=6"
			},
			"funding": {
				"url": "https://github.com/sponsors/sindresorhus"
			}
		},
		"node_modules/crelt": {
			"version": "1.0.7",
			"resolved": "https://registry.npmjs.org/crelt/-/crelt-1.0.7.tgz",
			"integrity": "sha512-aK6BbWfhf4U/wCcLHKPJl/xa6VkVstRaPywWtMKGwuOLc/wZTyQYuoxgvZnNsBvv7Kg3YTBQYYBCggcviQczuA==",
			"dev": true,
			"license": "MIT"
		},
		"node_modules/d3-color": {
			"version": "3.1.0",
			"resolved": "https://registry.npmjs.org/d3-color/-/d3-color-3.1.0.tgz",
			"integrity": "sha512-zg/chbXyeBtMQ1LbD/WSoW2DpC3I0mpmPdW+ynRTj/x2DAWYrIY7qeZIHidozwV24m4iavr15lNwIwLxRmOxhA==",
			"license": "ISC",
			"engines": {
				"node": ">=12"
			}
		},
		"node_modules/d3-dispatch": {
			"version": "3.0.1",
			"resolved": "https://registry.npmjs.org/d3-dispatch/-/d3-dispatch-3.0.1.tgz",
			"integrity": "sha512-rzUyPU/S7rwUflMyLc1ETDeBj0NRuHKKAcvukozwhshr6g6c5d8zh4c2gQjY2bZ0dXeGLWc1PF174P2tVvKhfg==",
			"license": "ISC",
			"engines": {
				"node": ">=12"
			}
		},
		"node_modules/d3-drag": {
			"version": "3.0.0",
			"resolved": "https://registry.npmjs.org/d3-drag/-/d3-drag-3.0.0.tgz",
			"integrity": "sha512-pWbUJLdETVA8lQNJecMxoXfH6x+mO2UQo8rSmZ+QqxcbyA3hfeprFgIT//HW2nlHChWeIIMwS2Fq+gEARkhTkg==",
			"license": "ISC",
			"dependencies": {
				"d3-dispatch": "1 - 3",
				"d3-selection": "3"
			},
			"engines": {
				"node": ">=12"
			}
		},
		"node_modules/d3-ease": {
			"version": "3.0.1",
			"resolved": "https://registry.npmjs.org/d3-ease/-/d3-ease-3.0.1.tgz",
			"integrity": "sha512-wR/XK3D3XcLIZwpbvQwQ5fK+8Ykds1ip7A2Txe0yxncXSdq1L9skcG7blcedkOX+ZcgxGAmLX1FrRGbADwzi0w==",
			"license": "BSD-3-Clause",
			"engines": {
				"node": ">=12"
			}
		},
		"node_modules/d3-hierarchy": {
			"version": "3.1.2",
			"resolved": "https://registry.npmjs.org/d3-hierarchy/-/d3-hierarchy-3.1.2.tgz",
			"integrity": "sha512-FX/9frcub54beBdugHjDCdikxThEqjnR93Qt7PvQTOHxyiNCAlvMrHhclk3cD5VeAaq9fxmfRp+CnWw9rEMBuA==",
			"license": "ISC",
			"engines": {
				"node": ">=12"
			}
		},
		"node_modules/d3-interpolate": {
			"version": "3.0.1",
			"resolved": "https://registry.npmjs.org/d3-interpolate/-/d3-interpolate-3.0.1.tgz",
			"integrity": "sha512-3bYs1rOD33uo8aqJfKP3JWPAibgw8Zm2+L9vBKEHJ2Rg+viTR7o5Mmv5mZcieN+FRYaAOWX5SJATX6k1PWz72g==",
			"license": "ISC",
			"dependencies": {
				"d3-color": "1 - 3"
			},
			"engines": {
				"node": ">=12"
			}
		},
		"node_modules/d3-path": {
			"version": "3.1.0",
			"resolved": "https://registry.npmjs.org/d3-path/-/d3-path-3.1.0.tgz",
			"integrity": "sha512-p3KP5HCf/bvjBSSKuXid6Zqijx7wIfNW+J/maPs+iwR35at5JCbLUT0LzF1cnjbCHWhqzQTIN2Jpe8pRebIEFQ==",
			"license": "ISC",
			"engines": {
				"node": ">=12"
			}
		},
		"node_modules/d3-selection": {
			"version": "3.0.0",
			"resolved": "https://registry.npmjs.org/d3-selection/-/d3-selection-3.0.0.tgz",
			"integrity": "sha512-fmTRWbNMmsmWq6xJV8D19U/gw/bwrHfNXxrIN+HfZgnzqTHp9jOmKMhsTUjXOJnZOdZY9Q28y4yebKzqDKlxlQ==",
			"license": "ISC",
			"peer": true,
			"engines": {
				"node": ">=12"
			}
		},
		"node_modules/d3-shape": {
			"version": "3.2.0",
			"resolved": "https://registry.npmjs.org/d3-shape/-/d3-shape-3.2.0.tgz",
			"integrity": "sha512-SaLBuwGm3MOViRq2ABk3eLoxwZELpH6zhl3FbAoJ7Vm1gofKx6El1Ib5z23NUEhF9AsGl7y+dzLe5Cw2AArGTA==",
			"license": "ISC",
			"dependencies": {
				"d3-path": "^3.1.0"
			},
			"engines": {
				"node": ">=12"
			}
		},
		"node_modules/d3-timer": {
			"version": "3.0.1",
			"resolved": "https://registry.npmjs.org/d3-timer/-/d3-timer-3.0.1.tgz",
			"integrity": "sha512-ndfJ/JxxMd3nw31uyKoY2naivF+r29V+Lc0svZxe1JvvIRmi8hUsrMvdOwgS1o6uBHmiz91geQ0ylPP0aj1VUA==",
			"license": "ISC",
			"engines": {
				"node": ">=12"
			}
		},
		"node_modules/d3-transition": {
			"version": "3.0.1",
			"resolved": "https://registry.npmjs.org/d3-transition/-/d3-transition-3.0.1.tgz",
			"integrity": "sha512-ApKvfjsSR6tg06xrL434C0WydLr7JewBB3V+/39RMHsaXTOG0zmt/OAXeng5M5LBm0ojmxJrpomQVZ1aPvBL4w==",
			"license": "ISC",
			"dependencies": {
				"d3-color": "1 - 3",
				"d3-dispatch": "1 - 3",
				"d3-ease": "1 - 3",
				"d3-interpolate": "1 - 3",
				"d3-timer": "1 - 3"
			},
			"engines": {
				"node": ">=12"
			},
			"peerDependencies": {
				"d3-selection": "2 - 3"
			}
		},
		"node_modules/d3-zoom": {
			"version": "3.0.0",
			"resolved": "https://registry.npmjs.org/d3-zoom/-/d3-zoom-3.0.0.tgz",
			"integrity": "sha512-b8AmV3kfQaqWAuacbPuNbL6vahnOJflOhexLzMMNLga62+/nh0JzvJ0aO/5a5MVgUFGS7Hu1P9P03o3fJkDCyw==",
			"license": "ISC",
			"dependencies": {
				"d3-dispatch": "1 - 3",
				"d3-drag": "2 - 3",
				"d3-interpolate": "1 - 3",
				"d3-selection": "2 - 3",
				"d3-transition": "2 - 3"
			},
			"engines": {
				"node": ">=12"
			}
		},
		"node_modules/debug": {
			"version": "4.4.3",
			"resolved": "https://registry.npmjs.org/debug/-/debug-4.4.3.tgz",
			"integrity": "sha512-RGwwWnwQvkVfavKVt22FGLw+xYSdzARwm0ru6DhTVA3umU5hZc28V3kO4stgYryrTlLpuvgI9GiijltAjNbcqA==",
			"dev": true,
			"license": "MIT",
			"dependencies": {
				"ms": "^2.1.3"
			},
			"engines": {
				"node": ">=6.0"
			},
			"peerDependenciesMeta": {
				"supports-color": {
					"optional": true
				}
			}
		},
		"node_modules/electron": {
			"version": "44.4.5",
			"resolved": "https://registry.npmjs.org/electron/-/electron-44.4.5.tgz",
			"integrity": "sha512-SjgoaeYsSWZfJzubgQU7juvuXMTvn6/e1gAHdGFA/yuMbpF+I+skYqIJ6DdXBXHeWbkbpNpmwZCTpiivtlWZSw==",
			"dev": true,
			"license": "MIT",
			"dependencies": {
				"@electron-internal/extract-zip": "^1.0.1",
				"@electron/get": "^5.0.0",
				"@types/node": "^24.9.0"
			},
			"bin": {
				"electron": "cli.js",
				"install-electron": "install.js"
			},
			"engines": {
				"node": ">= 22.12.0"
			}
		},
		"node_modules/electron/node_modules/@types/node": {
			"version": "24.13.6",
			"resolved": "https://registry.npmjs.org/@types/node/-/node-24.13.6.tgz",
			"integrity": "sha512-SGrw/h3KPFshy3OE6ZL53LMBG5vGQQ8/gIpiqz/kRZhPJ7HgwCEs8LBuNtWLa8dvGZVpSF7+Bf+c11HUrCb/yg==",
			"dev": true,
			"license": "MIT",
			"dependencies": {
				"undici-types": "~7.18.0"
			}
		},
		"node_modules/electron/node_modules/undici-types": {
			"version": "7.18.2",
			"resolved": "https://registry.npmjs.org/undici-types/-/undici-types-7.18.2.tgz",
			"integrity": "sha512-AsuCzffGHJybSaRrmr5eHr81mwJU3kjw6M+uprWvCXiNeN9SOGwQ3Jn8jb8m3Z6izVgknn1R0FTCEAP2QrLY/w==",
			"dev": true,
			"license": "MIT"
		},
		"node_modules/env-paths": {
			"version": "3.0.0",
			"resolved": "https://registry.npmjs.org/env-paths/-/env-paths-3.0.0.tgz",
			"integrity": "sha512-dtJUTepzMW3Lm/NPxRf3wP4642UWhjL2sQxc+ym2YMj1m/H2zDNQOlezafzkHwn6sMstjHTwG6iQQsctDW/b1A==",
			"dev": true,
			"license": "MIT",
			"engines": {
				"node": "^12.20.0 || ^14.13.1 || >=16.0.0"
			},
			"funding": {
				"url": "https://github.com/sponsors/sindresorhus"
			}
		},
		"node_modules/esbuild": {
			"version": "0.19.12",
			"resolved": "https://registry.npmjs.org/esbuild/-/esbuild-0.19.12.tgz",
			"integrity": "sha512-aARqgq8roFBj054KvQr5f1sFu0D65G+miZRCuJyJ0G13Zwx7vRar5Zhn2tkQNzIXcBrNVsv/8stehpj+GAjgbg==",
			"dev": true,
			"hasInstallScript": true,
			"license": "MIT",
			"bin": {
				"esbuild": "bin/esbuild"
			},
			"engines": {
				"node": ">=12"
			},
			"optionalDependencies": {
				"@esbuild/aix-ppc64": "0.19.12",
				"@esbuild/android-arm": "0.19.12",
				"@esbuild/android-arm64": "0.19.12",
				"@esbuild/android-x64": "0.19.12",
				"@esbuild/darwin-arm64": "0.19.12",
				"@esbuild/darwin-x64": "0.19.12",
				"@esbuild/freebsd-arm64": "0.19.12",
				"@esbuild/freebsd-x64": "0.19.12",
				"@esbuild/linux-arm": "0.19.12",
				"@esbuild/linux-arm64": "0.19.12",
				"@esbuild/linux-ia32": "0.19.12",
				"@esbuild/linux-loong64": "0.19.12",
				"@esbuild/linux-mips64el": "0.19.12",
				"@esbuild/linux-ppc64": "0.19.12",
				"@esbuild/linux-riscv64": "0.19.12",
				"@esbuild/linux-s390x": "0.19.12",
				"@esbuild/linux-x64": "0.19.12",
				"@esbuild/netbsd-x64": "0.19.12",
				"@esbuild/openbsd-x64": "0.19.12",
				"@esbuild/sunos-x64": "0.19.12",
				"@esbuild/win32-arm64": "0.19.12",
				"@esbuild/win32-ia32": "0.19.12",
				"@esbuild/win32-x64": "0.19.12"
			}
		},
		"node_modules/graceful-fs": {
			"version": "4.2.11",
			"resolved": "https://registry.npmjs.org/graceful-fs/-/graceful-fs-4.2.11.tgz",
			"integrity": "sha512-RbJ5/jmFcNNCcDV5o9eTnBLJ/HszWV0P73bc+Ff4nS/rJj+YaS6IGyiOL0VoBYX+l1Wrl3k63h/KrH+nhJ0XvQ==",
			"dev": true,
			"license": "ISC"
		},
		"node_modules/moment": {
			"version": "2.29.4",
			"resolved": "https://registry.npmjs.org/moment/-/moment-2.29.4.tgz",
			"integrity": "sha512-5LC9SOxjSc2HF6vO2CyuTDNivEdoz2IvyJJGj6X8DJ0eFyfszE0QiEd+iXmBvUP3WHxSjFH/vIsA0EN00cgr8w==",
			"dev": true,
			"license": "MIT",
			"engines": {
				"node": "*"
			}
		},
		"node_modules/ms": {
			"version": "2.1.3",
			"resolved": "https://registry.npmjs.org/ms/-/ms-2.1.3.tgz",
			"integrity": "sha512-6FlzubTLZG3J2a/NVCAleEhjzq5oxgHyaCU9yYXvcLsvoVaHJq/s5xXI6/XXP6tz7R9xAOtHnSO/tXtF3WRTlA==",
			"dev": true,
			"license": "MIT"
		},
		"node_modules/obsidian": {
			"version": "1.13.1",
			"resolved": "https://registry.npmjs.org/obsidian/-/obsidian-1.13.1.tgz",
			"integrity": "sha512-qtTEA2pmhJzhuhJqzbBFRYhpIOqvW+krDYjtFynv66KbxBbumHBlsJfWw3I4jtnK/6fZwbQhCrmmDdRwXmX56w==",
			"dev": true,
			"license": "MIT",
			"dependencies": {
				"@types/codemirror": "5.60.8",
				"moment": "2.29.4"
			},
			"peerDependencies": {
				"@codemirror/state": "6.5.0",
				"@codemirror/view": "6.38.6"
			}
		},
		"node_modules/progress": {
			"version": "2.0.3",
			"resolved": "https://registry.npmjs.org/progress/-/progress-2.0.3.tgz",
			"integrity": "sha512-7PiHtLll5LdnKIMw100I+8xJXR5gW2QwWYkT6iJva0bXitZKa/XMrSbdmg3r2Xnaidz9Qumd0VPaMrZlF9V9sA==",
			"dev": true,
			"license": "MIT",
			"engines": {
				"node": ">=0.4.0"
			}
		},
		"node_modules/semver": {
			"version": "7.8.5",
			"resolved": "https://registry.npmjs.org/semver/-/semver-7.8.5.tgz",
			"integrity": "sha512-Y7/KDsb8LjooZpwaqGyulO6DQlksgCncchHGk+sZIY4SBvUocMBEFH5Ur1fI4dV+Jvl0w6cjvucaIi40puRioA==",
			"dev": true,
			"license": "ISC",
			"bin": {
				"semver": "bin/semver.js"
			},
			"engines": {
				"node": ">=10"
			}
		},
		"node_modules/style-mod": {
			"version": "4.1.4",
			"resolved": "https://registry.npmjs.org/style-mod/-/style-mod-4.1.4.tgz",
			"integrity": "sha512-XXWIQt633/EpAFx8aZDOTjBzrCaGmhvEQlQo6MVPfa2OzO2cWo+4hV9h+6UkHYlXGfy+ODXKUdP7Pthmcu5ATw==",
			"dev": true,
			"license": "MIT"
		},
		"node_modules/sumchecker": {
			"version": "3.0.1",
			"resolved": "https://registry.npmjs.org/sumchecker/-/sumchecker-3.0.1.tgz",
			"integrity": "sha512-MvjXzkz/BOfyVDkG0oFOtBxHX2u3gKbMHIF/dXblZsgD3BWOFLmHovIpZY7BykJdAjcqRCBi1WYBNdEC9yI7vg==",
			"dev": true,
			"license": "Apache-2.0",
			"dependencies": {
				"debug": "^4.1.0"
			},
			"engines": {
				"node": ">= 8.0"
			}
		},
		"node_modules/tslib": {
			"version": "2.4.0",
			"resolved": "https://registry.npmjs.org/tslib/-/tslib-2.4.0.tgz",
			"integrity": "sha512-d6xOpEDfsi2CZVlPQzGeux8XMwLT9hssAsaPYExaQMuYskwb+x1x7J371tWlbBdWHroy99KnVB6qIkUbs5X3UQ==",
			"dev": true,
			"license": "0BSD"
		},
		"node_modules/typescript": {
			"version": "5.9.3",
			"resolved": "https://registry.npmjs.org/typescript/-/typescript-5.9.3.tgz",
			"integrity": "sha512-jl1vZzPDinLr9eUt3J/t7V6FgNEw9QjvBPdysz9KfQDD41fQrC2Y4vKQdiaUpFT4bXlb1RHhLpp8wtm6M5TgSw==",
			"dev": true,
			"license": "Apache-2.0",
			"bin": {
				"tsc": "bin/tsc",
				"tsserver": "bin/tsserver"
			},
			"engines": {
				"node": ">=14.17"
			}
		},
		"node_modules/undici": {
			"version": "7.30.0",
			"resolved": "https://registry.npmjs.org/undici/-/undici-7.30.0.tgz",
			"integrity": "sha512-dkrQXeHSaoamnItlYbmzG0wFYrM0ZwDxCIg0A7aKjTyyhh9svRzCNFEzV+Vm05/yehjCzjDZ31KXfGEjYSztDQ==",
			"dev": true,
			"license": "MIT",
			"optional": true,
			"engines": {
				"node": ">=20.18.1"
			}
		},
		"node_modules/undici-types": {
			"version": "6.21.0",
			"resolved": "https://registry.npmjs.org/undici-types/-/undici-types-6.21.0.tgz",
			"integrity": "sha512-iwDZqg0QAGrg9Rav5H4n0M64c3mkR59cJ6wQp+7C4nI0gsmExaedaYLNO44eT4AtBBwjbTiGPMlt2Md0T9H9JQ==",
			"dev": true,
			"license": "MIT"
		},
		"node_modules/w3c-keyname": {
			"version": "2.2.8",
			"resolved": "https://registry.npmjs.org/w3c-keyname/-/w3c-keyname-2.2.8.tgz",
			"integrity": "sha512-dpojBhNsCNN7T82Tm7k26A6G9ML3NkhDsnw9n/eoxSRlVBB4CEtIQ/KTCLI2Fwf3ataSXRhYFkQi3SlnFwPvPQ==",
			"dev": true,
			"license": "MIT"
		}
	}
}
